
Microsoft Visual Studio Solution File, Format Version 12.00
# Visual Studio 15
VisualStudioVersion = 15.0.28307.572
MinimumVisualStudioVersion = 10.0.40219.1
Project("{FAE04EC0-301F-11D3-BF4B-00C04F79EFBC}") = "Page115-Exercise", "Page115-Exercise\Page115-Exercise.csproj", "{4C28DD57-B268-4EA9-BBFB-B0ED709E83CC}"
EndProject
Global
	GlobalSection(SolutionConfigurationPlatforms) = preSolution
		Debug|Any CPU = Debug|Any CPU
		Release|Any CPU = Release|Any CPU
	EndGlobalSection
	GlobalSection(ProjectConfigurationPlatforms) = postSolution
		{4C28DD57-B268-4EA9-BBFB-B0ED709E83CC}.Debug|Any CPU.ActiveCfg = Debug|Any CPU
		{4C28DD57-B268-4EA9-BBFB-B0ED709E83CC}.Debug|Any CPU.Build.0 = Debug|Any CPU
		{4C28DD57-B268-4EA9-BBFB-B0ED709E83CC}.Release|Any CPU.ActiveCfg = Release|Any CPU
		{4C28DD57-B268-4EA9-BBFB-B0ED709E83CC}.Release|Any CPU.Build.0 = Release|Any CPU
	EndGlobalSection
	GlobalSection(SolutionProperties) = preSolution
		HideSolutionNode = FALSE
	EndGlobalSection
	GlobalSection(ExtensibilityGlobals) = postSolution
		SolutionGuid = {812E727C-5123-4ECD-8AE3-A6C6C4D9D828}
	EndGlobalSection
EndGlobal
