
Microsoft Visual Studio Solution File, Format Version 12.00
# Visual Studio 15
VisualStudioVersion = 15.0.28307.645
MinimumVisualStudioVersion = 10.0.40219.1
Project("{FAE04EC0-301F-11D3-BF4B-00C04F79EFBC}") = "NewsletterAppMVC", "NewsletterAppMVC\NewsletterAppMVC.csproj", "{0F4098DE-27CE-433F-A395-F04127DDE98A}"
EndProject
Global
	GlobalSection(SolutionConfigurationPlatforms) = preSolution
		Debug|Any CPU = Debug|Any CPU
		Release|Any CPU = Release|Any CPU
	EndGlobalSection
	GlobalSection(ProjectConfigurationPlatforms) = postSolution
		{0F4098DE-27CE-433F-A395-F04127DDE98A}.Debug|Any CPU.ActiveCfg = Debug|Any CPU
		{0F4098DE-27CE-433F-A395-F04127DDE98A}.Debug|Any CPU.Build.0 = Debug|Any CPU
		{0F4098DE-27CE-433F-A395-F04127DDE98A}.Release|Any CPU.ActiveCfg = Release|Any CPU
		{0F4098DE-27CE-433F-A395-F04127DDE98A}.Release|Any CPU.Build.0 = Release|Any CPU
	EndGlobalSection
	GlobalSection(SolutionProperties) = preSolution
		HideSolutionNode = FALSE
	EndGlobalSection
	GlobalSection(ExtensibilityGlobals) = postSolution
		SolutionGuid = {1D443ED3-5661-4E2A-AD85-49F7EC4FC749}
	EndGlobalSection
EndGlobal
