
Microsoft Visual Studio Solution File, Format Version 12.00
# Visual Studio 15
VisualStudioVersion = 15.0.28307.572
MinimumVisualStudioVersion = 10.0.40219.1
Project("{FAE04EC0-301F-11D3-BF4B-00C04F79EFBC}") = "bool-compare-while-do-while", "bool-compare-while-do-while\bool-compare-while-do-while.csproj", "{64970776-E422-4DDE-975D-5BEE9D7DF3A4}"
EndProject
Global
	GlobalSection(SolutionConfigurationPlatforms) = preSolution
		Debug|Any CPU = Debug|Any CPU
		Release|Any CPU = Release|Any CPU
	EndGlobalSection
	GlobalSection(ProjectConfigurationPlatforms) = postSolution
		{64970776-E422-4DDE-975D-5BEE9D7DF3A4}.Debug|Any CPU.ActiveCfg = Debug|Any CPU
		{64970776-E422-4DDE-975D-5BEE9D7DF3A4}.Debug|Any CPU.Build.0 = Debug|Any CPU
		{64970776-E422-4DDE-975D-5BEE9D7DF3A4}.Release|Any CPU.ActiveCfg = Release|Any CPU
		{64970776-E422-4DDE-975D-5BEE9D7DF3A4}.Release|Any CPU.Build.0 = Release|Any CPU
	EndGlobalSection
	GlobalSection(SolutionProperties) = preSolution
		HideSolutionNode = FALSE
	EndGlobalSection
	GlobalSection(ExtensibilityGlobals) = postSolution
		SolutionGuid = {C558A6EE-BDE4-4295-81C7-442D57C73B08}
	EndGlobalSection
EndGlobal
