
Microsoft Visual Studio Solution File, Format Version 12.00
# Visual Studio 15
VisualStudioVersion = 15.0.28307.645
MinimumVisualStudioVersion = 10.0.40219.1
Project("{FAE04EC0-301F-11D3-BF4B-00C04F79EFBC}") = "ContosoUniversity", "ContosoUniversity\ContosoUniversity.csproj", "{DED09F80-B5D6-43D0-BF55-A876B071EDEF}"
EndProject
Global
	GlobalSection(SolutionConfigurationPlatforms) = preSolution
		Debug|Any CPU = Debug|Any CPU
		Release|Any CPU = Release|Any CPU
	EndGlobalSection
	GlobalSection(ProjectConfigurationPlatforms) = postSolution
		{DED09F80-B5D6-43D0-BF55-A876B071EDEF}.Debug|Any CPU.ActiveCfg = Debug|Any CPU
		{DED09F80-B5D6-43D0-BF55-A876B071EDEF}.Debug|Any CPU.Build.0 = Debug|Any CPU
		{DED09F80-B5D6-43D0-BF55-A876B071EDEF}.Release|Any CPU.ActiveCfg = Release|Any CPU
		{DED09F80-B5D6-43D0-BF55-A876B071EDEF}.Release|Any CPU.Build.0 = Release|Any CPU
	EndGlobalSection
	GlobalSection(SolutionProperties) = preSolution
		HideSolutionNode = FALSE
	EndGlobalSection
	GlobalSection(ExtensibilityGlobals) = postSolution
		SolutionGuid = {C2702817-A833-4180-8302-E95F76C883C3}
	EndGlobalSection
EndGlobal
