
Microsoft Visual Studio Solution File, Format Version 12.00
# Visual Studio 15
VisualStudioVersion = 15.0.28307.645
MinimumVisualStudioVersion = 10.0.40219.1
Project("{FAE04EC0-301F-11D3-BF4B-00C04F79EFBC}") = "MVC Practical Exercise", "MVC Practical Exercise\MVC Practical Exercise.csproj", "{48074FE6-69CC-49B7-BF85-177E0B90184E}"
EndProject
Global
	GlobalSection(SolutionConfigurationPlatforms) = preSolution
		Debug|Any CPU = Debug|Any CPU
		Release|Any CPU = Release|Any CPU
	EndGlobalSection
	GlobalSection(ProjectConfigurationPlatforms) = postSolution
		{48074FE6-69CC-49B7-BF85-177E0B90184E}.Debug|Any CPU.ActiveCfg = Debug|Any CPU
		{48074FE6-69CC-49B7-BF85-177E0B90184E}.Debug|Any CPU.Build.0 = Debug|Any CPU
		{48074FE6-69CC-49B7-BF85-177E0B90184E}.Release|Any CPU.ActiveCfg = Release|Any CPU
		{48074FE6-69CC-49B7-BF85-177E0B90184E}.Release|Any CPU.Build.0 = Release|Any CPU
	EndGlobalSection
	GlobalSection(SolutionProperties) = preSolution
		HideSolutionNode = FALSE
	EndGlobalSection
	GlobalSection(ExtensibilityGlobals) = postSolution
		SolutionGuid = {21A94C3D-270B-44DD-B76B-8675601EE410}
	EndGlobalSection
EndGlobal
