
Microsoft Visual Studio Solution File, Format Version 12.00
# Visual Studio 15
VisualStudioVersion = 15.0.28307.645
MinimumVisualStudioVersion = 10.0.40219.1
Project("{FAE04EC0-301F-11D3-BF4B-00C04F79EFBC}") = "ContosoUniversity", "ContosoUniversity\ContosoUniversity.csproj", "{24DD7CF9-8F64-45AB-91DB-06B1BA6972EF}"
EndProject
Global
	GlobalSection(SolutionConfigurationPlatforms) = preSolution
		Debug|Any CPU = Debug|Any CPU
		Release|Any CPU = Release|Any CPU
	EndGlobalSection
	GlobalSection(ProjectConfigurationPlatforms) = postSolution
		{24DD7CF9-8F64-45AB-91DB-06B1BA6972EF}.Debug|Any CPU.ActiveCfg = Debug|Any CPU
		{24DD7CF9-8F64-45AB-91DB-06B1BA6972EF}.Debug|Any CPU.Build.0 = Debug|Any CPU
		{24DD7CF9-8F64-45AB-91DB-06B1BA6972EF}.Release|Any CPU.ActiveCfg = Release|Any CPU
		{24DD7CF9-8F64-45AB-91DB-06B1BA6972EF}.Release|Any CPU.Build.0 = Release|Any CPU
	EndGlobalSection
	GlobalSection(SolutionProperties) = preSolution
		HideSolutionNode = FALSE
	EndGlobalSection
	GlobalSection(ExtensibilityGlobals) = postSolution
		SolutionGuid = {AB69B5BB-3752-4371-A04D-E7E7B17BB876}
	EndGlobalSection
EndGlobal
